// !$*UTF8*$!
{
	archiveVersion = 1;
	classes = {
	};
	objectVersion = 50;
	objects = {

/* Begin PBXBuildFile section */
		3D0E88A728EC7DF700CD368C /* BooksController.swift in Sources */ = {isa = PBXBuildFile; fileRef = 3D0E88A628EC7DF700CD368C /* BooksController.swift */; };
		3D0E88AB28EC8A0200CD368C /* DetallesInstrumentosController.swift in Sources */ = {isa = PBXBuildFile; fileRef = 3D0E88AA28EC8A0200CD368C /* DetallesInstrumentosController.swift */; };
		3D0E88AD28EC8FE100CD368C /* Authors.swift in Sources */ = {isa = PBXBuildFile; fileRef = 3D0E88AC28EC8FE100CD368C /* Authors.swift */; };
		3D0E88AF28EC90B500CD368C /* CeldaMusicoController.swift in Sources */ = {isa = PBXBuildFile; fileRef = 3D0E88AE28EC90B500CD368C /* CeldaMusicoController.swift */; };
		3D678A2B28EB28EC004C8802 /* AppDelegate.swift in Sources */ = {isa = PBXBuildFile; fileRef = 3D678A2A28EB28EC004C8802 /* AppDelegate.swift */; };
		3D678A2D28EB28EC004C8802 /* SceneDelegate.swift in Sources */ = {isa = PBXBuildFile; fileRef = 3D678A2C28EB28EC004C8802 /* SceneDelegate.swift */; };
		3D678A3228EB28EC004C8802 /* Main.storyboard in Resources */ = {isa = PBXBuildFile; fileRef = 3D678A3028EB28EC004C8802 /* Main.storyboard */; };
		3D678A3428EB28F2004C8802 /* Assets.xcassets in Resources */ = {isa = PBXBuildFile; fileRef = 3D678A3328EB28F2004C8802 /* Assets.xcassets */; };
		3D678A3728EB28F2004C8802 /* LaunchScreen.storyboard in Resources */ = {isa = PBXBuildFile; fileRef = 3D678A3528EB28F2004C8802 /* LaunchScreen.storyboard */; };
		3D678A4228EB28F2004C8802 /* Proyecto_Parcial_2Tests.swift in Sources */ = {isa = PBXBuildFile; fileRef = 3D678A4128EB28F2004C8802 /* Proyecto_Parcial_2Tests.swift */; };
		3D678A4D28EB28F2004C8802 /* Proyecto_Parcial_2UITests.swift in Sources */ = {isa = PBXBuildFile; fileRef = 3D678A4C28EB28F2004C8802 /* Proyecto_Parcial_2UITests.swift */; };
		3D678A7128EB3906004C8802 /* Books.swift in Sources */ = {isa = PBXBuildFile; fileRef = 3D678A7028EB3906004C8802 /* Books.swift */; };
		3D678A7528EB3B75004C8802 /* CeldaInstrumentosController.swift in Sources */ = {isa = PBXBuildFile; fileRef = 3D678A7428EB3B75004C8802 /* CeldaInstrumentosController.swift */; };
		3D9F3D1028F5C09100F69382 /* PrincessSofia-Regular.ttf in Resources */ = {isa = PBXBuildFile; fileRef = 3D9F3D0F28F5C09100F69382 /* PrincessSofia-Regular.ttf */; };
		3D9F3D1528F5C0B400F69382 /* Uptown Elegance Bold Italic.ttf in Resources */ = {isa = PBXBuildFile; fileRef = 3D9F3D1128F5C0B300F69382 /* Uptown Elegance Bold Italic.ttf */; };
		3D9F3D1628F5C0B400F69382 /* Uptown Elegance Bold.ttf in Resources */ = {isa = PBXBuildFile; fileRef = 3D9F3D1228F5C0B300F69382 /* Uptown Elegance Bold.ttf */; };
		3D9F3D1728F5C0B400F69382 /* Uptown Elegance Italic.ttf in Resources */ = {isa = PBXBuildFile; fileRef = 3D9F3D1328F5C0B300F69382 /* Uptown Elegance Italic.ttf */; };
		3D9F3D1828F5C0B400F69382 /* Uptown Elegance Regular.ttf in Resources */ = {isa = PBXBuildFile; fileRef = 3D9F3D1428F5C0B400F69382 /* Uptown Elegance Regular.ttf */; };
/* End PBXBuildFile section */

/* Begin PBXContainerItemProxy section */
		3D678A3E28EB28F2004C8802 /* PBXContainerItemProxy */ = {
			isa = PBXContainerItemProxy;
			containerPortal = 3D678A1F28EB28EB004C8802 /* Project object */;
			proxyType = 1;
			remoteGlobalIDString = 3D678A2628EB28EB004C8802;
			remoteInfo = Proyecto_Parcial_2;
		};
		3D678A4928EB28F2004C8802 /* PBXContainerItemProxy */ = {
			isa = PBXContainerItemProxy;
			containerPortal = 3D678A1F28EB28EB004C8802 /* Project object */;
			proxyType = 1;
			remoteGlobalIDString = 3D678A2628EB28EB004C8802;
			remoteInfo = Proyecto_Parcial_2;
		};
/* End PBXContainerItemProxy section */

/* Begin PBXFileReference section */
		3D0E88A628EC7DF700CD368C /* BooksController.swift */ = {isa = PBXFileReference; lastKnownFileType = sourcecode.swift; path = BooksController.swift; sourceTree = "<group>"; };
		3D0E88AA28EC8A0200CD368C /* DetallesInstrumentosController.swift */ = {isa = PBXFileReference; lastKnownFileType = sourcecode.swift; path = DetallesInstrumentosController.swift; sourceTree = "<group>"; };
		3D0E88AC28EC8FE100CD368C /* Authors.swift */ = {isa = PBXFileReference; lastKnownFileType = sourcecode.swift; path = Authors.swift; sourceTree = "<group>"; };
		3D0E88AE28EC90B500CD368C /* CeldaMusicoController.swift */ = {isa = PBXFileReference; lastKnownFileType = sourcecode.swift; path = CeldaMusicoController.swift; sourceTree = "<group>"; };
		3D678A2728EB28EC004C8802 /* IntruMind.app */ = {isa = PBXFileReference; explicitFileType = wrapper.application; includeInIndex = 0; path = IntruMind.app; sourceTree = BUILT_PRODUCTS_DIR; };
		3D678A2A28EB28EC004C8802 /* AppDelegate.swift */ = {isa = PBXFileReference; lastKnownFileType = sourcecode.swift; path = AppDelegate.swift; sourceTree = "<group>"; };
		3D678A2C28EB28EC004C8802 /* SceneDelegate.swift */ = {isa = PBXFileReference; lastKnownFileType = sourcecode.swift; path = SceneDelegate.swift; sourceTree = "<group>"; };
		3D678A3128EB28EC004C8802 /* Base */ = {isa = PBXFileReference; lastKnownFileType = file.storyboard; name = Base; path = Base.lproj/Main.storyboard; sourceTree = "<group>"; };
		3D678A3328EB28F2004C8802 /* Assets.xcassets */ = {isa = PBXFileReference; lastKnownFileType = folder.assetcatalog; path = Assets.xcassets; sourceTree = "<group>"; };
		3D678A3628EB28F2004C8802 /* Base */ = {isa = PBXFileReference; lastKnownFileType = file.storyboard; name = Base; path = Base.lproj/LaunchScreen.storyboard; sourceTree = "<group>"; };
		3D678A3828EB28F2004C8802 /* Info.plist */ = {isa = PBXFileReference; lastKnownFileType = text.plist.xml; path = Info.plist; sourceTree = "<group>"; };
		3D678A3D28EB28F2004C8802 /* Proyecto_Parcial_2Tests.xctest */ = {isa = PBXFileReference; explicitFileType = wrapper.cfbundle; includeInIndex = 0; path = Proyecto_Parcial_2Tests.xctest; sourceTree = BUILT_PRODUCTS_DIR; };
		3D678A4128EB28F2004C8802 /* Proyecto_Parcial_2Tests.swift */ = {isa = PBXFileReference; lastKnownFileType = sourcecode.swift; path = Proyecto_Parcial_2Tests.swift; sourceTree = "<group>"; };
		3D678A4328EB28F2004C8802 /* Info.plist */ = {isa = PBXFileReference; lastKnownFileType = text.plist.xml; path = Info.plist; sourceTree = "<group>"; };
		3D678A4828EB28F2004C8802 /* Proyecto_Parcial_2UITests.xctest */ = {isa = PBXFileReference; explicitFileType = wrapper.cfbundle; includeInIndex = 0; path = Proyecto_Parcial_2UITests.xctest; sourceTree = BUILT_PRODUCTS_DIR; };
		3D678A4C28EB28F2004C8802 /* Proyecto_Parcial_2UITests.swift */ = {isa = PBXFileReference; lastKnownFileType = sourcecode.swift; path = Proyecto_Parcial_2UITests.swift; sourceTree = "<group>"; };
		3D678A4E28EB28F2004C8802 /* Info.plist */ = {isa = PBXFileReference; lastKnownFileType = text.plist.xml; path = Info.plist; sourceTree = "<group>"; };
		3D678A7028EB3906004C8802 /* Books.swift */ = {isa = PBXFileReference; lastKnownFileType = sourcecode.swift; path = Books.swift; sourceTree = "<group>"; };
		3D678A7428EB3B75004C8802 /* CeldaInstrumentosController.swift */ = {isa = PBXFileReference; lastKnownFileType = sourcecode.swift; path = CeldaInstrumentosController.swift; sourceTree = "<group>"; };
		3D9F3D0F28F5C09100F69382 /* PrincessSofia-Regular.ttf */ = {isa = PBXFileReference; lastKnownFileType = file; path = "PrincessSofia-Regular.ttf"; sourceTree = "<group>"; };
		3D9F3D1128F5C0B300F69382 /* Uptown Elegance Bold Italic.ttf */ = {isa = PBXFileReference; lastKnownFileType = file; path = "Uptown Elegance Bold Italic.ttf"; sourceTree = "<group>"; };
		3D9F3D1228F5C0B300F69382 /* Uptown Elegance Bold.ttf */ = {isa = PBXFileReference; lastKnownFileType = file; path = "Uptown Elegance Bold.ttf"; sourceTree = "<group>"; };
		3D9F3D1328F5C0B300F69382 /* Uptown Elegance Italic.ttf */ = {isa = PBXFileReference; lastKnownFileType = file; path = "Uptown Elegance Italic.ttf"; sourceTree = "<group>"; };
		3D9F3D1428F5C0B400F69382 /* Uptown Elegance Regular.ttf */ = {isa = PBXFileReference; lastKnownFileType = file; path = "Uptown Elegance Regular.ttf"; sourceTree = "<group>"; };
/* End PBXFileReference section */

/* Begin PBXFrameworksBuildPhase section */
		3D678A2428EB28EB004C8802 /* Frameworks */ = {
			isa = PBXFrameworksBuildPhase;
			buildActionMask = 2147483647;
			files = (
			);
			runOnlyForDeploymentPostprocessing = 0;
		};
		3D678A3A28EB28F2004C8802 /* Frameworks */ = {
			isa = PBXFrameworksBuildPhase;
			buildActionMask = 2147483647;
			files = (
			);
			runOnlyForDeploymentPostprocessing = 0;
		};
		3D678A4528EB28F2004C8802 /* Frameworks */ = {
			isa = PBXFrameworksBuildPhase;
			buildActionMask = 2147483647;
			files = (
			);
			runOnlyForDeploymentPostprocessing = 0;
		};
/* End PBXFrameworksBuildPhase section */

/* Begin PBXGroup section */
		3D678A1E28EB28EB004C8802 = {
			isa = PBXGroup;
			children = (
				3D678A2928EB28EC004C8802 /* Proyecto_Parcial_2 */,
				3D678A4028EB28F2004C8802 /* Proyecto_Parcial_2Tests */,
				3D678A4B28EB28F2004C8802 /* Proyecto_Parcial_2UITests */,
				3D678A2828EB28EC004C8802 /* Products */,
			);
			sourceTree = "<group>";
		};
		3D678A2828EB28EC004C8802 /* Products */ = {
			isa = PBXGroup;
			children = (
				3D678A2728EB28EC004C8802 /* IntruMind.app */,
				3D678A3D28EB28F2004C8802 /* Proyecto_Parcial_2Tests.xctest */,
				3D678A4828EB28F2004C8802 /* Proyecto_Parcial_2UITests.xctest */,
			);
			name = Products;
			sourceTree = "<group>";
		};
		3D678A2928EB28EC004C8802 /* Proyecto_Parcial_2 */ = {
			isa = PBXGroup;
			children = (
				3D678A6F28EB32D6004C8802 /* Assets */,
				3D678A6D28EB2B0A004C8802 /* Delegate */,
				3D678A6028EB2A3D004C8802 /* Info */,
				3D678A5D28EB29EB004C8802 /* Vistas */,
				3D678A6C28EB2AF1004C8802 /* Controller */,
				3D678A5A28EB2930004C8802 /* Modelos */,
			);
			path = Proyecto_Parcial_2;
			sourceTree = "<group>";
		};
		3D678A4028EB28F2004C8802 /* Proyecto_Parcial_2Tests */ = {
			isa = PBXGroup;
			children = (
				3D678A4128EB28F2004C8802 /* Proyecto_Parcial_2Tests.swift */,
				3D678A4328EB28F2004C8802 /* Info.plist */,
			);
			path = Proyecto_Parcial_2Tests;
			sourceTree = "<group>";
		};
		3D678A4B28EB28F2004C8802 /* Proyecto_Parcial_2UITests */ = {
			isa = PBXGroup;
			children = (
				3D678A4C28EB28F2004C8802 /* Proyecto_Parcial_2UITests.swift */,
				3D678A4E28EB28F2004C8802 /* Info.plist */,
			);
			path = Proyecto_Parcial_2UITests;
			sourceTree = "<group>";
		};
		3D678A5A28EB2930004C8802 /* Modelos */ = {
			isa = PBXGroup;
			children = (
				3D678A7028EB3906004C8802 /* Books.swift */,
				3D0E88AC28EC8FE100CD368C /* Authors.swift */,
			);
			name = Modelos;
			sourceTree = "<group>";
		};
		3D678A5D28EB29EB004C8802 /* Vistas */ = {
			isa = PBXGroup;
			children = (
				3D678A3028EB28EC004C8802 /* Main.storyboard */,
				3D678A3528EB28F2004C8802 /* LaunchScreen.storyboard */,
			);
			name = Vistas;
			sourceTree = "<group>";
		};
		3D678A6028EB2A3D004C8802 /* Info */ = {
			isa = PBXGroup;
			children = (
				3D678A3328EB28F2004C8802 /* Assets.xcassets */,
				3D678A3828EB28F2004C8802 /* Info.plist */,
			);
			name = Info;
			sourceTree = "<group>";
		};
		3D678A6C28EB2AF1004C8802 /* Controller */ = {
			isa = PBXGroup;
			children = (
				3D678A7428EB3B75004C8802 /* CeldaInstrumentosController.swift */,
				3D0E88AE28EC90B500CD368C /* CeldaMusicoController.swift */,
				3D0E88A628EC7DF700CD368C /* BooksController.swift */,
				3D0E88AA28EC8A0200CD368C /* DetallesInstrumentosController.swift */,
			);
			name = Controller;
			sourceTree = "<group>";
		};
		3D678A6D28EB2B0A004C8802 /* Delegate */ = {
			isa = PBXGroup;
			children = (
				3D678A2A28EB28EC004C8802 /* AppDelegate.swift */,
				3D678A2C28EB28EC004C8802 /* SceneDelegate.swift */,
			);
			name = Delegate;
			sourceTree = "<group>";
		};
		3D678A6F28EB32D6004C8802 /* Assets */ = {
			isa = PBXGroup;
			children = (
				3D9F3D1128F5C0B300F69382 /* Uptown Elegance Bold Italic.ttf */,
				3D9F3D1228F5C0B300F69382 /* Uptown Elegance Bold.ttf */,
				3D9F3D1328F5C0B300F69382 /* Uptown Elegance Italic.ttf */,
				3D9F3D1428F5C0B400F69382 /* Uptown Elegance Regular.ttf */,
				3D9F3D0F28F5C09100F69382 /* PrincessSofia-Regular.ttf */,
			);
			name = Assets;
			sourceTree = "<group>";
		};
/* End PBXGroup section */

/* Begin PBXNativeTarget section */
		3D678A2628EB28EB004C8802 /* Proyecto_Parcial_2 */ = {
			isa = PBXNativeTarget;
			buildConfigurationList = 3D678A5128EB28F2004C8802 /* Build configuration list for PBXNativeTarget "Proyecto_Parcial_2" */;
			buildPhases = (
				3D678A2328EB28EB004C8802 /* Sources */,
				3D678A2428EB28EB004C8802 /* Frameworks */,
				3D678A2528EB28EB004C8802 /* Resources */,
			);
			buildRules = (
			);
			dependencies = (
			);
			name = Proyecto_Parcial_2;
			productName = Proyecto_Parcial_2;
			productReference = 3D678A2728EB28EC004C8802 /* IntruMind.app */;
			productType = "com.apple.product-type.application";
		};
		3D678A3C28EB28F2004C8802 /* Proyecto_Parcial_2Tests */ = {
			isa = PBXNativeTarget;
			buildConfigurationList = 3D678A5428EB28F2004C8802 /* Build configuration list for PBXNativeTarget "Proyecto_Parcial_2Tests" */;
			buildPhases = (
				3D678A3928EB28F2004C8802 /* Sources */,
				3D678A3A28EB28F2004C8802 /* Frameworks */,
				3D678A3B28EB28F2004C8802 /* Resources */,
			);
			buildRules = (
			);
			dependencies = (
				3D678A3F28EB28F2004C8802 /* PBXTargetDependency */,
			);
			name = Proyecto_Parcial_2Tests;
			productName = Proyecto_Parcial_2Tests;
			productReference = 3D678A3D28EB28F2004C8802 /* Proyecto_Parcial_2Tests.xctest */;
			productType = "com.apple.product-type.bundle.unit-test";
		};
		3D678A4728EB28F2004C8802 /* Proyecto_Parcial_2UITests */ = {
			isa = PBXNativeTarget;
			buildConfigurationList = 3D678A5728EB28F2004C8802 /* Build configuration list for PBXNativeTarget "Proyecto_Parcial_2UITests" */;
			buildPhases = (
				3D678A4428EB28F2004C8802 /* Sources */,
				3D678A4528EB28F2004C8802 /* Frameworks */,
				3D678A4628EB28F2004C8802 /* Resources */,
			);
			buildRules = (
			);
			dependencies = (
				3D678A4A28EB28F2004C8802 /* PBXTargetDependency */,
			);
			name = Proyecto_Parcial_2UITests;
			productName = Proyecto_Parcial_2UITests;
			productReference = 3D678A4828EB28F2004C8802 /* Proyecto_Parcial_2UITests.xctest */;
			productType = "com.apple.product-type.bundle.ui-testing";
		};
/* End PBXNativeTarget section */

/* Begin PBXProject section */
		3D678A1F28EB28EB004C8802 /* Project object */ = {
			isa = PBXProject;
			attributes = {
				LastSwiftUpdateCheck = 1130;
				LastUpgradeCheck = 1130;
				ORGANIZATIONNAME = Alumno;
				TargetAttributes = {
					3D678A2628EB28EB004C8802 = {
						CreatedOnToolsVersion = 11.3.1;
					};
					3D678A3C28EB28F2004C8802 = {
						CreatedOnToolsVersion = 11.3.1;
						TestTargetID = 3D678A2628EB28EB004C8802;
					};
					3D678A4728EB28F2004C8802 = {
						CreatedOnToolsVersion = 11.3.1;
						TestTargetID = 3D678A2628EB28EB004C8802;
					};
				};
			};
			buildConfigurationList = 3D678A2228EB28EB004C8802 /* Build configuration list for PBXProject "Proyecto_Parcial_2" */;
			compatibilityVersion = "Xcode 9.3";
			developmentRegion = en;
			hasScannedForEncodings = 0;
			knownRegions = (
				en,
				Base,
			);
			mainGroup = 3D678A1E28EB28EB004C8802;
			productRefGroup = 3D678A2828EB28EC004C8802 /* Products */;
			projectDirPath = "";
			projectRoot = "";
			targets = (
				3D678A2628EB28EB004C8802 /* Proyecto_Parcial_2 */,
				3D678A3C28EB28F2004C8802 /* Proyecto_Parcial_2Tests */,
				3D678A4728EB28F2004C8802 /* Proyecto_Parcial_2UITests */,
			);
		};
/* End PBXProject section */

/* Begin PBXResourcesBuildPhase section */
		3D678A2528EB28EB004C8802 /* Resources */ = {
			isa = PBXResourcesBuildPhase;
			buildActionMask = 2147483647;
			files = (
				3D9F3D1628F5C0B400F69382 /* Uptown Elegance Bold.ttf in Resources */,
				3D9F3D1028F5C09100F69382 /* PrincessSofia-Regular.ttf in Resources */,
				3D9F3D1728F5C0B400F69382 /* Uptown Elegance Italic.ttf in Resources */,
				3D678A3728EB28F2004C8802 /* LaunchScreen.storyboard in Resources */,
				3D9F3D1828F5C0B400F69382 /* Uptown Elegance Regular.ttf in Resources */,
				3D9F3D1528F5C0B400F69382 /* Uptown Elegance Bold Italic.ttf in Resources */,
				3D678A3428EB28F2004C8802 /* Assets.xcassets in Resources */,
				3D678A3228EB28EC004C8802 /* Main.storyboard in Resources */,
			);
			runOnlyForDeploymentPostprocessing = 0;
		};
		3D678A3B28EB28F2004C8802 /* Resources */ = {
			isa = PBXResourcesBuildPhase;
			buildActionMask = 2147483647;
			files = (
			);
			runOnlyForDeploymentPostprocessing = 0;
		};
		3D678A4628EB28F2004C8802 /* Resources */ = {
			isa = PBXResourcesBuildPhase;
			buildActionMask = 2147483647;
			files = (
			);
			runOnlyForDeploymentPostprocessing = 0;
		};
/* End PBXResourcesBuildPhase section */

/* Begin PBXSourcesBuildPhase section */
		3D678A2328EB28EB004C8802 /* Sources */ = {
			isa = PBXSourcesBuildPhase;
			buildActionMask = 2147483647;
			files = (
				3D678A7128EB3906004C8802 /* Books.swift in Sources */,
				3D0E88A728EC7DF700CD368C /* BooksController.swift in Sources */,
				3D678A7528EB3B75004C8802 /* CeldaInstrumentosController.swift in Sources */,
				3D0E88AD28EC8FE100CD368C /* Authors.swift in Sources */,
				3D678A2B28EB28EC004C8802 /* AppDelegate.swift in Sources */,
				3D0E88AF28EC90B500CD368C /* CeldaMusicoController.swift in Sources */,
				3D0E88AB28EC8A0200CD368C /* DetallesInstrumentosController.swift in Sources */,
				3D678A2D28EB28EC004C8802 /* SceneDelegate.swift in Sources */,
			);
			runOnlyForDeploymentPostprocessing = 0;
		};
		3D678A3928EB28F2004C8802 /* Sources */ = {
			isa = PBXSourcesBuildPhase;
			buildActionMask = 2147483647;
			files = (
				3D678A4228EB28F2004C8802 /* Proyecto_Parcial_2Tests.swift in Sources */,
			);
			runOnlyForDeploymentPostprocessing = 0;
		};
		3D678A4428EB28F2004C8802 /* Sources */ = {
			isa = PBXSourcesBuildPhase;
			buildActionMask = 2147483647;
			files = (
				3D678A4D28EB28F2004C8802 /* Proyecto_Parcial_2UITests.swift in Sources */,
			);
			runOnlyForDeploymentPostprocessing = 0;
		};
/* End PBXSourcesBuildPhase section */

/* Begin PBXTargetDependency section */
		3D678A3F28EB28F2004C8802 /* PBXTargetDependency */ = {
			isa = PBXTargetDependency;
			target = 3D678A2628EB28EB004C8802 /* Proyecto_Parcial_2 */;
			targetProxy = 3D678A3E28EB28F2004C8802 /* PBXContainerItemProxy */;
		};
		3D678A4A28EB28F2004C8802 /* PBXTargetDependency */ = {
			isa = PBXTargetDependency;
			target = 3D678A2628EB28EB004C8802 /* Proyecto_Parcial_2 */;
			targetProxy = 3D678A4928EB28F2004C8802 /* PBXContainerItemProxy */;
		};
/* End PBXTargetDependency section */

/* Begin PBXVariantGroup section */
		3D678A3028EB28EC004C8802 /* Main.storyboard */ = {
			isa = PBXVariantGroup;
			children = (
				3D678A3128EB28EC004C8802 /* Base */,
			);
			name = Main.storyboard;
			sourceTree = "<group>";
		};
		3D678A3528EB28F2004C8802 /* LaunchScreen.storyboard */ = {
			isa = PBXVariantGroup;
			children = (
				3D678A3628EB28F2004C8802 /* Base */,
			);
			name = LaunchScreen.storyboard;
			sourceTree = "<group>";
		};
/* End PBXVariantGroup section */

/* Begin XCBuildConfiguration section */
		3D678A4F28EB28F2004C8802 /* Debug */ = {
			isa = XCBuildConfiguration;
			buildSettings = {
				ALWAYS_SEARCH_USER_PATHS = NO;
				CLANG_ANALYZER_NONNULL = YES;
				CLANG_ANALYZER_NUMBER_OBJECT_CONVERSION = YES_AGGRESSIVE;
				CLANG_CXX_LANGUAGE_STANDARD = "gnu++14";
				CLANG_CXX_LIBRARY = "libc++";
				CLANG_ENABLE_MODULES = YES;
				CLANG_ENABLE_OBJC_ARC = YES;
				CLANG_ENABLE_OBJC_WEAK = YES;
				CLANG_WARN_BLOCK_CAPTURE_AUTORELEASING = YES;
				CLANG_WARN_BOOL_CONVERSION = YES;
				CLANG_WARN_COMMA = YES;
				CLANG_WARN_CONSTANT_CONVERSION = YES;
				CLANG_WARN_DEPRECATED_OBJC_IMPLEMENTATIONS = YES;
				CLANG_WARN_DIRECT_OBJC_ISA_USAGE = YES_ERROR;
				CLANG_WARN_DOCUMENTATION_COMMENTS = YES;
				CLANG_WARN_EMPTY_BODY = YES;
				CLANG_WARN_ENUM_CONVERSION = YES;
				CLANG_WARN_INFINITE_RECURSION = YES;
				CLANG_WARN_INT_CONVERSION = YES;
				CLANG_WARN_NON_LITERAL_NULL_CONVERSION = YES;
				CLANG_WARN_OBJC_IMPLICIT_RETAIN_SELF = YES;
				CLANG_WARN_OBJC_LITERAL_CONVERSION = YES;
				CLANG_WARN_OBJC_ROOT_CLASS = YES_ERROR;
				CLANG_WARN_RANGE_LOOP_ANALYSIS = YES;
				CLANG_WARN_STRICT_PROTOTYPES = YES;
				CLANG_WARN_SUSPICIOUS_MOVE = YES;
				CLANG_WARN_UNGUARDED_AVAILABILITY = YES_AGGRESSIVE;
				CLANG_WARN_UNREACHABLE_CODE = YES;
				CLANG_WARN__DUPLICATE_METHOD_MATCH = YES;
				COPY_PHASE_STRIP = NO;
				DEBUG_INFORMATION_FORMAT = dwarf;
				ENABLE_STRICT_OBJC_MSGSEND = YES;
				ENABLE_TESTABILITY = YES;
				GCC_C_LANGUAGE_STANDARD = gnu11;
				GCC_DYNAMIC_NO_PIC = NO;
				GCC_NO_COMMON_BLOCKS = YES;
				GCC_OPTIMIZATION_LEVEL = 0;
				GCC_PREPROCESSOR_DEFINITIONS = (
					"DEBUG=1",
					"$(inherited)",
				);
				GCC_WARN_64_TO_32_BIT_CONVERSION = YES;
				GCC_WARN_ABOUT_RETURN_TYPE = YES_ERROR;
				GCC_WARN_UNDECLARED_SELECTOR = YES;
				GCC_WARN_UNINITIALIZED_AUTOS = YES_AGGRESSIVE;
				GCC_WARN_UNUSED_FUNCTION = YES;
				GCC_WARN_UNUSED_VARIABLE = YES;
				IPHONEOS_DEPLOYMENT_TARGET = 13.2;
				MTL_ENABLE_DEBUG_INFO = INCLUDE_SOURCE;
				MTL_FAST_MATH = YES;
				ONLY_ACTIVE_ARCH = YES;
				SDKROOT = iphoneos;
				SWIFT_ACTIVE_COMPILATION_CONDITIONS = DEBUG;
				SWIFT_OPTIMIZATION_LEVEL = "-Onone";
			};
			name = Debug;
		};
		3D678A5028EB28F2004C8802 /* Release */ = {
			isa = XCBuildConfiguration;
			buildSettings = {
				ALWAYS_SEARCH_USER_PATHS = NO;
				CLANG_ANALYZER_NONNULL = YES;
				CLANG_ANALYZER_NUMBER_OBJECT_CONVERSION = YES_AGGRESSIVE;
				CLANG_CXX_LANGUAGE_STANDARD = "gnu++14";
				CLANG_CXX_LIBRARY = "libc++";
				CLANG_ENABLE_MODULES = YES;
				CLANG_ENABLE_OBJC_ARC = YES;
				CLANG_ENABLE_OBJC_WEAK = YES;
				CLANG_WARN_BLOCK_CAPTURE_AUTORELEASING = YES;
				CLANG_WARN_BOOL_CONVERSION = YES;
				CLANG_WARN_COMMA = YES;
				CLANG_WARN_CONSTANT_CONVERSION = YES;
				CLANG_WARN_DEPRECATED_OBJC_IMPLEMENTATIONS = YES;
				CLANG_WARN_DIRECT_OBJC_ISA_USAGE = YES_ERROR;
				CLANG_WARN_DOCUMENTATION_COMMENTS = YES;
				CLANG_WARN_EMPTY_BODY = YES;
				CLANG_WARN_ENUM_CONVERSION = YES;
				CLANG_WARN_INFINITE_RECURSION = YES;
				CLANG_WARN_INT_CONVERSION = YES;
				CLANG_WARN_NON_LITERAL_NULL_CONVERSION = YES;
				CLANG_WARN_OBJC_IMPLICIT_RETAIN_SELF = YES;
				CLANG_WARN_OBJC_LITERAL_CONVERSION = YES;
				CLANG_WARN_OBJC_ROOT_CLASS = YES_ERROR;
				CLANG_WARN_RANGE_LOOP_ANALYSIS = YES;
				CLANG_WARN_STRICT_PROTOTYPES = YES;
				CLANG_WARN_SUSPICIOUS_MOVE = YES;
				CLANG_WARN_UNGUARDED_AVAILABILITY = YES_AGGRESSIVE;
				CLANG_WARN_UNREACHABLE_CODE = YES;
				CLANG_WARN__DUPLICATE_METHOD_MATCH = YES;
				COPY_PHASE_STRIP = NO;
				DEBUG_INFORMATION_FORMAT = "dwarf-with-dsym";
				ENABLE_NS_ASSERTIONS = NO;
				ENABLE_STRICT_OBJC_MSGSEND = YES;
				GCC_C_LANGUAGE_STANDARD = gnu11;
				GCC_NO_COMMON_BLOCKS = YES;
				GCC_WARN_64_TO_32_BIT_CONVERSION = YES;
				GCC_WARN_ABOUT_RETURN_TYPE = YES_ERROR;
				GCC_WARN_UNDECLARED_SELECTOR = YES;
				GCC_WARN_UNINITIALIZED_AUTOS = YES_AGGRESSIVE;
				GCC_WARN_UNUSED_FUNCTION = YES;
				GCC_WARN_UNUSED_VARIABLE = YES;
				IPHONEOS_DEPLOYMENT_TARGET = 13.2;
				MTL_ENABLE_DEBUG_INFO = NO;
				MTL_FAST_MATH = YES;
				SDKROOT = iphoneos;
				SWIFT_COMPILATION_MODE = wholemodule;
				SWIFT_OPTIMIZATION_LEVEL = "-O";
				VALIDATE_PRODUCT = YES;
			};
			name = Release;
		};
		3D678A5228EB28F2004C8802 /* Debug */ = {
			isa = XCBuildConfiguration;
			buildSettings = {
				ASSETCATALOG_COMPILER_APPICON_NAME = AppIcon;
				CODE_SIGN_STYLE = Automatic;
				INFOPLIST_FILE = Proyecto_Parcial_2/Info.plist;
				LD_RUNPATH_SEARCH_PATHS = (
					"$(inherited)",
					"@executable_path/Frameworks",
				);
				PRODUCT_BUNDLE_IDENTIFIER = "edu.ulsa.Proyecto-Parcial-2";
				PRODUCT_NAME = IntruMind;
				SWIFT_VERSION = 5.0;
				TARGETED_DEVICE_FAMILY = "1,2";
			};
			name = Debug;
		};
		3D678A5328EB28F2004C8802 /* Release */ = {
			isa = XCBuildConfiguration;
			buildSettings = {
				ASSETCATALOG_COMPILER_APPICON_NAME = AppIcon;
				CODE_SIGN_STYLE = Automatic;
				INFOPLIST_FILE = Proyecto_Parcial_2/Info.plist;
				LD_RUNPATH_SEARCH_PATHS = (
					"$(inherited)",
					"@executable_path/Frameworks",
				);
				PRODUCT_BUNDLE_IDENTIFIER = "edu.ulsa.Proyecto-Parcial-2";
				PRODUCT_NAME = IntruMind;
				SWIFT_VERSION = 5.0;
				TARGETED_DEVICE_FAMILY = "1,2";
			};
			name = Release;
		};
		3D678A5528EB28F2004C8802 /* Debug */ = {
			isa = XCBuildConfiguration;
			buildSettings = {
				ALWAYS_EMBED_SWIFT_STANDARD_LIBRARIES = YES;
				BUNDLE_LOADER = "$(TEST_HOST)";
				CODE_SIGN_STYLE = Automatic;
				INFOPLIST_FILE = Proyecto_Parcial_2Tests/Info.plist;
				IPHONEOS_DEPLOYMENT_TARGET = 13.2;
				LD_RUNPATH_SEARCH_PATHS = (
					"$(inherited)",
					"@executable_path/Frameworks",
					"@loader_path/Frameworks",
				);
				PRODUCT_BUNDLE_IDENTIFIER = "edu.ulsa.Proyecto-Parcial-2Tests";
				PRODUCT_NAME = "$(TARGET_NAME)";
				SWIFT_VERSION = 5.0;
				TARGETED_DEVICE_FAMILY = "1,2";
				TEST_HOST = "$(BUILT_PRODUCTS_DIR)/Proyecto_Parcial_2.app/Proyecto_Parcial_2";
			};
			name = Debug;
		};
		3D678A5628EB28F2004C8802 /* Release */ = {
			isa = XCBuildConfiguration;
			buildSettings = {
				ALWAYS_EMBED_SWIFT_STANDARD_LIBRARIES = YES;
				BUNDLE_LOADER = "$(TEST_HOST)";
				CODE_SIGN_STYLE = Automatic;
				INFOPLIST_FILE = Proyecto_Parcial_2Tests/Info.plist;
				IPHONEOS_DEPLOYMENT_TARGET = 13.2;
				LD_RUNPATH_SEARCH_PATHS = (
					"$(inherited)",
					"@executable_path/Frameworks",
					"@loader_path/Frameworks",
				);
				PRODUCT_BUNDLE_IDENTIFIER = "edu.ulsa.Proyecto-Parcial-2Tests";
				PRODUCT_NAME = "$(TARGET_NAME)";
				SWIFT_VERSION = 5.0;
				TARGETED_DEVICE_FAMILY = "1,2";
				TEST_HOST = "$(BUILT_PRODUCTS_DIR)/Proyecto_Parcial_2.app/Proyecto_Parcial_2";
			};
			name = Release;
		};
		3D678A5828EB28F2004C8802 /* Debug */ = {
			isa = XCBuildConfiguration;
			buildSettings = {
				ALWAYS_EMBED_SWIFT_STANDARD_LIBRARIES = YES;
				CODE_SIGN_STYLE = Automatic;
				INFOPLIST_FILE = Proyecto_Parcial_2UITests/Info.plist;
				LD_RUNPATH_SEARCH_PATHS = (
					"$(inherited)",
					"@executable_path/Frameworks",
					"@loader_path/Frameworks",
				);
				PRODUCT_BUNDLE_IDENTIFIER = "edu.ulsa.Proyecto-Parcial-2UITests";
				PRODUCT_NAME = "$(TARGET_NAME)";
				SWIFT_VERSION = 5.0;
				TARGETED_DEVICE_FAMILY = "1,2";
				TEST_TARGET_NAME = Proyecto_Parcial_2;
			};
			name = Debug;
		};
		3D678A5928EB28F2004C8802 /* Release */ = {
			isa = XCBuildConfiguration;
			buildSettings = {
				ALWAYS_EMBED_SWIFT_STANDARD_LIBRARIES = YES;
				CODE_SIGN_STYLE = Automatic;
				INFOPLIST_FILE = Proyecto_Parcial_2UITests/Info.plist;
				LD_RUNPATH_SEARCH_PATHS = (
					"$(inherited)",
					"@executable_path/Frameworks",
					"@loader_path/Frameworks",
				);
				PRODUCT_BUNDLE_IDENTIFIER = "edu.ulsa.Proyecto-Parcial-2UITests";
				PRODUCT_NAME = "$(TARGET_NAME)";
				SWIFT_VERSION = 5.0;
				TARGETED_DEVICE_FAMILY = "1,2";
				TEST_TARGET_NAME = Proyecto_Parcial_2;
			};
			name = Release;
		};
/* End XCBuildConfiguration section */

/* Begin XCConfigurationList section */
		3D678A2228EB28EB004C8802 /* Build configuration list for PBXProject "Proyecto_Parcial_2" */ = {
			isa = XCConfigurationList;
			buildConfigurations = (
				3D678A4F28EB28F2004C8802 /* Debug */,
				3D678A5028EB28F2004C8802 /* Release */,
			);
			defaultConfigurationIsVisible = 0;
			defaultConfigurationName = Release;
		};
		3D678A5128EB28F2004C8802 /* Build configuration list for PBXNativeTarget "Proyecto_Parcial_2" */ = {
			isa = XCConfigurationList;
			buildConfigurations = (
				3D678A5228EB28F2004C8802 /* Debug */,
				3D678A5328EB28F2004C8802 /* Release */,
			);
			defaultConfigurationIsVisible = 0;
			defaultConfigurationName = Release;
		};
		3D678A5428EB28F2004C8802 /* Build configuration list for PBXNativeTarget "Proyecto_Parcial_2Tests" */ = {
			isa = XCConfigurationList;
			buildConfigurations = (
				3D678A5528EB28F2004C8802 /* Debug */,
				3D678A5628EB28F2004C8802 /* Release */,
			);
			defaultConfigurationIsVisible = 0;
			defaultConfigurationName = Release;
		};
		3D678A5728EB28F2004C8802 /* Build configuration list for PBXNativeTarget "Proyecto_Parcial_2UITests" */ = {
			isa = XCConfigurationList;
			buildConfigurations = (
				3D678A5828EB28F2004C8802 /* Debug */,
				3D678A5928EB28F2004C8802 /* Release */,
			);
			defaultConfigurationIsVisible = 0;
			defaultConfigurationName = Release;
		};
/* End XCConfigurationList section */
	};
	rootObject = 3D678A1F28EB28EB004C8802 /* Project object */;
}
